// !$*UTF8*$!
{
	archiveVersion = 1;
	classes = {
	};
	objectVersion = 46;
	objects = {

/* Begin PBXBuildFile section */
		56C43E3F1ED21FB60023F067 /* AppDelegate.swift in Sources */ = {isa = PBXBuildFile; fileRef = 56C43E3E1ED21FB60023F067 /* AppDelegate.swift */; };
		56C43E411ED21FB60023F067 /* ViewController.swift in Sources */ = {isa = PBXBuildFile; fileRef = 56C43E401ED21FB60023F067 /* ViewController.swift */; };
		56C43E441ED21FB60023F067 /* Main.storyboard in Resources */ = {isa = PBXBuildFile; fileRef = 56C43E421ED21FB60023F067 /* Main.storyboard */; };
		56C43E461ED21FB60023F067 /* Assets.xcassets in Resources */ = {isa = PBXBuildFile; fileRef = 56C43E451ED21FB60023F067 /* Assets.xcassets */; };
		56C43E491ED21FB60023F067 /* LaunchScreen.storyboard in Resources */ = {isa = PBXBuildFile; fileRef = 56C43E471ED21FB60023F067 /* LaunchScreen.storyboard */; };
		56C43E541ED21FB60023F067 /* Duck_PowerTests.swift in Sources */ = {isa = PBXBuildFile; fileRef = 56C43E531ED21FB60023F067 /* Duck_PowerTests.swift */; };
/* End PBXBuildFile section */

/* Begin PBXContainerItemProxy section */
		56C43E501ED21FB60023F067 /* PBXContainerItemProxy */ = {
			isa = PBXContainerItemProxy;
			containerPortal = 56C43E331ED21FB60023F067 /* Project object */;
			proxyType = 1;
			remoteGlobalIDString = 56C43E3A1ED21FB60023F067;
			remoteInfo = "Duck-Power";
		};
/* End PBXContainerItemProxy section */

/* Begin PBXFileReference section */
		56C43E3B1ED21FB60023F067 /* Duck-Power.app */ = {isa = PBXFileReference; explicitFileType = wrapper.application; includeInIndex = 0; path = "Duck-Power.app"; sourceTree = BUILT_PRODUCTS_DIR; };
		56C43E3E1ED21FB60023F067 /* AppDelegate.swift */ = {isa = PBXFileReference; lastKnownFileType = sourcecode.swift; path = AppDelegate.swift; sourceTree = "<group>"; };
		56C43E401ED21FB60023F067 /* ViewController.swift */ = {isa = PBXFileReference; lastKnownFileType = sourcecode.swift; path = ViewController.swift; sourceTree = "<group>"; };
		56C43E431ED21FB60023F067 /* Base */ = {isa = PBXFileReference; lastKnownFileType = file.storyboard; name = Base; path = Base.lproj/Main.storyboard; sourceTree = "<group>"; };
		56C43E451ED21FB60023F067 /* Assets.xcassets */ = {isa = PBXFileReference; lastKnownFileType = folder.assetcatalog; path = Assets.xcassets; sourceTree = "<group>"; };
		56C43E481ED21FB60023F067 /* Base */ = {isa = PBXFileReference; lastKnownFileType = file.storyboard; name = Base; path = Base.lproj/LaunchScreen.storyboard; sourceTree = "<group>"; };
		56C43E4A1ED21FB60023F067 /* Info.plist */ = {isa = PBXFileReference; lastKnownFileType = text.plist.xml; path = Info.plist; sourceTree = "<group>"; };
		56C43E4F1ED21FB60023F067 /* Duck-PowerTests.xctest */ = {isa = PBXFileReference; explicitFileType = wrapper.cfbundle; includeInIndex = 0; path = "Duck-PowerTests.xctest"; sourceTree = BUILT_PRODUCTS_DIR; };
		56C43E531ED21FB60023F067 /* Duck_PowerTests.swift */ = {isa = PBXFileReference; lastKnownFileType = sourcecode.swift; path = Duck_PowerTests.swift; sourceTree = "<group>"; };
		56C43E551ED21FB60023F067 /* Info.plist */ = {isa = PBXFileReference; lastKnownFileType = text.plist.xml; path = Info.plist; sourceTree = "<group>"; };
/* End PBXFileReference section */

/* Begin PBXFrameworksBuildPhase section */
		56C43E381ED21FB60023F067 /* Frameworks */ = {
			isa = PBXFrameworksBuildPhase;
			buildActionMask = 2147483647;
			files = (
			);
			runOnlyForDeploymentPostprocessing = 0;
		};
		56C43E4C1ED21FB60023F067 /* Frameworks */ = {
			isa = PBXFrameworksBuildPhase;
			buildActionMask = 2147483647;
			files = (
			);
			runOnlyForDeploymentPostprocessing = 0;
		};
/* End PBXFrameworksBuildPhase section */

/* Begin PBXGroup section */
		56C43E321ED21FB60023F067 = {
			isa = PBXGroup;
			children = (
				56C43E3D1ED21FB60023F067 /* Duck-Power */,
				56C43E521ED21FB60023F067 /* Duck-PowerTests */,
				56C43E3C1ED21FB60023F067 /* Products */,
			);
			sourceTree = "<group>";
		};
		56C43E3C1ED21FB60023F067 /* Products */ = {
			isa = PBXGroup;
			children = (
				56C43E3B1ED21FB60023F067 /* Duck-Power.app */,
				56C43E4F1ED21FB60023F067 /* Duck-PowerTests.xctest */,
			);
			name = Products;
			sourceTree = "<group>";
		};
		56C43E3D1ED21FB60023F067 /* Duck-Power */ = {
			isa = PBXGroup;
			children = (
				56C43E3E1ED21FB60023F067 /* AppDelegate.swift */,
				56C43E401ED21FB60023F067 /* ViewController.swift */,
				56C43E421ED21FB60023F067 /* Main.storyboard */,
				56C43E451ED21FB60023F067 /* Assets.xcassets */,
				56C43E471ED21FB60023F067 /* LaunchScreen.storyboard */,
				56C43E4A1ED21FB60023F067 /* Info.plist */,
			);
			path = "Duck-Power";
			sourceTree = "<group>";
		};
		56C43E521ED21FB60023F067 /* Duck-PowerTests */ = {
			isa = PBXGroup;
			children = (
				56C43E531ED21FB60023F067 /* Duck_PowerTests.swift */,
				56C43E551ED21FB60023F067 /* Info.plist */,
			);
			path = "Duck-PowerTests";
			sourceTree = "<group>";
		};
/* End PBXGroup section */

/* Begin PBXNativeTarget section */
		56C43E3A1ED21FB60023F067 /* Duck-Power */ = {
			isa = PBXNativeTarget;
			buildConfigurationList = 56C43E581ED21FB60023F067 /* Build configuration list for PBXNativeTarget "Duck-Power" */;
			buildPhases = (
				56C43E371ED21FB60023F067 /* Sources */,
				56C43E381ED21FB60023F067 /* Frameworks */,
				56C43E391ED21FB60023F067 /* Resources */,
			);
			buildRules = (
			);
			dependencies = (
			);
			name = "Duck-Power";
			productName = "Duck-Power";
			productReference = 56C43E3B1ED21FB60023F067 /* Duck-Power.app */;
			productType = "com.apple.product-type.application";
		};
		56C43E4E1ED21FB60023F067 /* Duck-PowerTests */ = {
			isa = PBXNativeTarget;
			buildConfigurationList = 56C43E5B1ED21FB60023F067 /* Build configuration list for PBXNativeTarget "Duck-PowerTests" */;
			buildPhases = (
				56C43E4B1ED21FB60023F067 /* Sources */,
				56C43E4C1ED21FB60023F067 /* Frameworks */,
				56C43E4D1ED21FB60023F067 /* Resources */,
			);
			buildRules = (
			);
			dependencies = (
				56C43E511ED21FB60023F067 /* PBXTargetDependency */,
			);
			name = "Duck-PowerTests";
			productName = "Duck-PowerTests";
			productReference = 56C43E4F1ED21FB60023F067 /* Duck-PowerTests.xctest */;
			productType = "com.apple.product-type.bundle.unit-test";
		};
/* End PBXNativeTarget section */

/* Begin PBXProject section */
		56C43E331ED21FB60023F067 /* Project object */ = {
			isa = PBXProject;
			attributes = {
				LastSwiftUpdateCheck = 0830;
				LastUpgradeCheck = 0830;
				ORGANIZATIONNAME = "okAy Studios";
				TargetAttributes = {
					56C43E3A1ED21FB60023F067 = {
						CreatedOnToolsVersion = 8.3.2;
						DevelopmentTeam = R73WSN5T33;
						ProvisioningStyle = Automatic;
					};
					56C43E4E1ED21FB60023F067 = {
						CreatedOnToolsVersion = 8.3.2;
						DevelopmentTeam = R73WSN5T33;
						ProvisioningStyle = Automatic;
						TestTargetID = 56C43E3A1ED21FB60023F067;
					};
				};
			};
			buildConfigurationList = 56C43E361ED21FB60023F067 /* Build configuration list for PBXProject "Duck-Power" */;
			compatibilityVersion = "Xcode 3.2";
			developmentRegion = English;
			hasScannedForEncodings = 0;
			knownRegions = (
				en,
				Base,
			);
			mainGroup = 56C43E321ED21FB60023F067;
			productRefGroup = 56C43E3C1ED21FB60023F067 /* Products */;
			projectDirPath = "";
			projectRoot = "";
			targets = (
				56C43E3A1ED21FB60023F067 /* Duck-Power */,
				56C43E4E1ED21FB60023F067 /* Duck-PowerTests */,
			);
		};
/* End PBXProject section */

/* Begin PBXResourcesBuildPhase section */
		56C43E391ED21FB60023F067 /* Resources */ = {
			isa = PBXResourcesBuildPhase;
			buildActionMask = 2147483647;
			files = (
				56C43E491ED21FB60023F067 /* LaunchScreen.storyboard in Resources */,
				56C43E461ED21FB60023F067 /* Assets.xcassets in Resources */,
				56C43E441ED21FB60023F067 /* Main.storyboard in Resources */,
			);
			runOnlyForDeploymentPostprocessing = 0;
		};
		56C43E4D1ED21FB60023F067 /* Resources */ = {
			isa = PBXResourcesBuildPhase;
			buildActionMask = 2147483647;
			files = (
			);
			runOnlyForDeploymentPostprocessing = 0;
		};
/* End PBXResourcesBuildPhase section */

/* Begin PBXSourcesBuildPhase section */
		56C43E371ED21FB60023F067 /* Sources */ = {
			isa = PBXSourcesBuildPhase;
			buildActionMask = 2147483647;
			files = (
				56C43E411ED21FB60023F067 /* ViewController.swift in Sources */,
				56C43E3F1ED21FB60023F067 /* AppDelegate.swift in Sources */,
			);
			runOnlyForDeploymentPostprocessing = 0;
		};
		56C43E4B1ED21FB60023F067 /* Sources */ = {
			isa = PBXSourcesBuildPhase;
			buildActionMask = 2147483647;
			files = (
				56C43E541ED21FB60023F067 /* Duck_PowerTests.swift in Sources */,
			);
			runOnlyForDeploymentPostprocessing = 0;
		};
/* End PBXSourcesBuildPhase section */

/* Begin PBXTargetDependency section */
		56C43E511ED21FB60023F067 /* PBXTargetDependency */ = {
			isa = PBXTargetDependency;
			target = 56C43E3A1ED21FB60023F067 /* Duck-Power */;
			targetProxy = 56C43E501ED21FB60023F067 /* PBXContainerItemProxy */;
		};
/* End PBXTargetDependency section */

/* Begin PBXVariantGroup section */
		56C43E421ED21FB60023F067 /* Main.storyboard */ = {
			isa = PBXVariantGroup;
			children = (
				56C43E431ED21FB60023F067 /* Base */,
			);
			name = Main.storyboard;
			sourceTree = "<group>";
		};
		56C43E471ED21FB60023F067 /* LaunchScreen.storyboard */ = {
			isa = PBXVariantGroup;
			children = (
				56C43E481ED21FB60023F067 /* Base */,
			);
			name = LaunchScreen.storyboard;
			sourceTree = "<group>";
		};
/* End PBXVariantGroup section */

/* Begin XCBuildConfiguration section */
		56C43E561ED21FB60023F067 /* Debug */ = {
			isa = XCBuildConfiguration;
			buildSettings = {
				ALWAYS_SEARCH_USER_PATHS = NO;
				CLANG_ANALYZER_NONNULL = YES;
				CLANG_ANALYZER_NUMBER_OBJECT_CONVERSION = YES_AGGRESSIVE;
				CLANG_CXX_LANGUAGE_STANDARD = "gnu++0x";
				CLANG_CXX_LIBRARY = "libc++";
				CLANG_ENABLE_MODULES = YES;
				CLANG_ENABLE_OBJC_ARC = YES;
				CLANG_WARN_BOOL_CONVERSION = YES;
				CLANG_WARN_CONSTANT_CONVERSION = YES;
				CLANG_WARN_DIRECT_OBJC_ISA_USAGE = YES_ERROR;
				CLANG_WARN_DOCUMENTATION_COMMENTS = YES;
				CLANG_WARN_EMPTY_BODY = YES;
				CLANG_WARN_ENUM_CONVERSION = YES;
				CLANG_WARN_INFINITE_RECURSION = YES;
				CLANG_WARN_INT_CONVERSION = YES;
				CLANG_WARN_OBJC_ROOT_CLASS = YES_ERROR;
				CLANG_WARN_SUSPICIOUS_MOVE = YES;
				CLANG_WARN_UNREACHABLE_CODE = YES;
				CLANG_WARN__DUPLICATE_METHOD_MATCH = YES;
				"CODE_SIGN_IDENTITY[sdk=iphoneos*]" = "iPhone Developer";
				COPY_PHASE_STRIP = NO;
				DEBUG_INFORMATION_FORMAT = dwarf;
				ENABLE_STRICT_OBJC_MSGSEND = YES;
				ENABLE_TESTABILITY = YES;
				GCC_C_LANGUAGE_STANDARD = gnu99;
				GCC_DYNAMIC_NO_PIC = NO;
				GCC_NO_COMMON_BLOCKS = YES;
				GCC_OPTIMIZATION_LEVEL = 0;
				GCC_PREPROCESSOR_DEFINITIONS = (
					"DEBUG=1",
					"$(inherited)",
				);
				GCC_WARN_64_TO_32_BIT_CONVERSION = YES;
				GCC_WARN_ABOUT_RETURN_TYPE = YES_ERROR;
				GCC_WARN_UNDECLARED_SELECTOR = YES;
				GCC_WARN_UNINITIALIZED_AUTOS = YES_AGGRESSIVE;
				GCC_WARN_UNUSED_FUNCTION = YES;
				GCC_WARN_UNUSED_VARIABLE = YES;
				IPHONEOS_DEPLOYMENT_TARGET = 10.3;
				MTL_ENABLE_DEBUG_INFO = YES;
				ONLY_ACTIVE_ARCH = YES;
				SDKROOT = iphoneos;
				SWIFT_ACTIVE_COMPILATION_CONDITIONS = DEBUG;
				SWIFT_OPTIMIZATION_LEVEL = "-Onone";
			};
			name = Debug;
		};
		56C43E571ED21FB60023F067 /* Release */ = {
			isa = XCBuildConfiguration;
			buildSettings = {
				ALWAYS_SEARCH_USER_PATHS = NO;
				CLANG_ANALYZER_NONNULL = YES;
				CLANG_ANALYZER_NUMBER_OBJECT_CONVERSION = YES_AGGRESSIVE;
				CLANG_CXX_LANGUAGE_STANDARD = "gnu++0x";
				CLANG_CXX_LIBRARY = "libc++";
				CLANG_ENABLE_MODULES = YES;
				CLANG_ENABLE_OBJC_ARC = YES;
				CLANG_WARN_BOOL_CONVERSION = YES;
				CLANG_WARN_CONSTANT_CONVERSION = YES;
				CLANG_WARN_DIRECT_OBJC_ISA_USAGE = YES_ERROR;
				CLANG_WARN_DOCUMENTATION_COMMENTS = YES;
				CLANG_WARN_EMPTY_BODY = YES;
				CLANG_WARN_ENUM_CONVERSION = YES;
				CLANG_WARN_INFINITE_RECURSION = YES;
				CLANG_WARN_INT_CONVERSION = YES;
				CLANG_WARN_OBJC_ROOT_CLASS = YES_ERROR;
				CLANG_WARN_SUSPICIOUS_MOVE = YES;
				CLANG_WARN_UNREACHABLE_CODE = YES;
				CLANG_WARN__DUPLICATE_METHOD_MATCH = YES;
				"CODE_SIGN_IDENTITY[sdk=iphoneos*]" = "iPhone Developer";
				COPY_PHASE_STRIP = NO;
				DEBUG_INFORMATION_FORMAT = "dwarf-with-dsym";
				ENABLE_NS_ASSERTIONS = NO;
				ENABLE_STRICT_OBJC_MSGSEND = YES;
				GCC_C_LANGUAGE_STANDARD = gnu99;
				GCC_NO_COMMON_BLOCKS = YES;
				GCC_WARN_64_TO_32_BIT_CONVERSION = YES;
				GCC_WARN_ABOUT_RETURN_TYPE = YES_ERROR;
				GCC_WARN_UNDECLARED_SELECTOR = YES;
				GCC_WARN_UNINITIALIZED_AUTOS = YES_AGGRESSIVE;
				GCC_WARN_UNUSED_FUNCTION = YES;
				GCC_WARN_UNUSED_VARIABLE = YES;
				IPHONEOS_DEPLOYMENT_TARGET = 10.3;
				MTL_ENABLE_DEBUG_INFO = NO;
				SDKROOT = iphoneos;
				SWIFT_OPTIMIZATION_LEVEL = "-Owholemodule";
				VALIDATE_PRODUCT = YES;
			};
			name = Release;
		};
		56C43E591ED21FB60023F067 /* Debug */ = {
			isa = XCBuildConfiguration;
			buildSettings = {
				ASSETCATALOG_COMPILER_APPICON_NAME = AppIcon;
				DEVELOPMENT_TEAM = R73WSN5T33;
				INFOPLIST_FILE = "Duck-Power/Info.plist";
				LD_RUNPATH_SEARCH_PATHS = "$(inherited) @executable_path/Frameworks";
				PRODUCT_BUNDLE_IDENTIFIER = "com.okaystudios.Duck-Power";
				PRODUCT_NAME = "$(TARGET_NAME)";
				SWIFT_VERSION = 3.0;
			};
			name = Debug;
		};
		56C43E5A1ED21FB60023F067 /* Release */ = {
			isa = XCBuildConfiguration;
			buildSettings = {
				ASSETCATALOG_COMPILER_APPICON_NAME = AppIcon;
				DEVELOPMENT_TEAM = R73WSN5T33;
				INFOPLIST_FILE = "Duck-Power/Info.plist";
				LD_RUNPATH_SEARCH_PATHS = "$(inherited) @executable_path/Frameworks";
				PRODUCT_BUNDLE_IDENTIFIER = "com.okaystudios.Duck-Power";
				PRODUCT_NAME = "$(TARGET_NAME)";
				SWIFT_VERSION = 3.0;
			};
			name = Release;
		};
		56C43E5C1ED21FB60023F067 /* Debug */ = {
			isa = XCBuildConfiguration;
			buildSettings = {
				ALWAYS_EMBED_SWIFT_STANDARD_LIBRARIES = YES;
				BUNDLE_LOADER = "$(TEST_HOST)";
				DEVELOPMENT_TEAM = R73WSN5T33;
				INFOPLIST_FILE = "Duck-PowerTests/Info.plist";
				LD_RUNPATH_SEARCH_PATHS = "$(inherited) @executable_path/Frameworks @loader_path/Frameworks";
				PRODUCT_BUNDLE_IDENTIFIER = "com.okaystudios.Duck-PowerTests";
				PRODUCT_NAME = "$(TARGET_NAME)";
				SWIFT_VERSION = 3.0;
				TEST_HOST = "$(BUILT_PRODUCTS_DIR)/Duck-Power.app/Duck-Power";
			};
			name = Debug;
		};
		56C43E5D1ED21FB60023F067 /* Release */ = {
			isa = XCBuildConfiguration;
			buildSettings = {
				ALWAYS_EMBED_SWIFT_STANDARD_LIBRARIES = YES;
				BUNDLE_LOADER = "$(TEST_HOST)";
				DEVELOPMENT_TEAM = R73WSN5T33;
				INFOPLIST_FILE = "Duck-PowerTests/Info.plist";
				LD_RUNPATH_SEARCH_PATHS = "$(inherited) @executable_path/Frameworks @loader_path/Frameworks";
				PRODUCT_BUNDLE_IDENTIFIER = "com.okaystudios.Duck-PowerTests";
				PRODUCT_NAME = "$(TARGET_NAME)";
				SWIFT_VERSION = 3.0;
				TEST_HOST = "$(BUILT_PRODUCTS_DIR)/Duck-Power.app/Duck-Power";
			};
			name = Release;
		};
/* End XCBuildConfiguration section */

/* Begin XCConfigurationList section */
		56C43E361ED21FB60023F067 /* Build configuration list for PBXProject "Duck-Power" */ = {
			isa = XCConfigurationList;
			buildConfigurations = (
				56C43E561ED21FB60023F067 /* Debug */,
				56C43E571ED21FB60023F067 /* Release */,
			);
			defaultConfigurationIsVisible = 0;
			defaultConfigurationName = Release;
		};
		56C43E581ED21FB60023F067 /* Build configuration list for PBXNativeTarget "Duck-Power" */ = {
			isa = XCConfigurationList;
			buildConfigurations = (
				56C43E591ED21FB60023F067 /* Debug */,
				56C43E5A1ED21FB60023F067 /* Release */,
			);
			defaultConfigurationIsVisible = 0;
		};
		56C43E5B1ED21FB60023F067 /* Build configuration list for PBXNativeTarget "Duck-PowerTests" */ = {
			isa = XCConfigurationList;
			buildConfigurations = (
				56C43E5C1ED21FB60023F067 /* Debug */,
				56C43E5D1ED21FB60023F067 /* Release */,
			);
			defaultConfigurationIsVisible = 0;
		};
/* End XCConfigurationList section */
	};
	rootObject = 56C43E331ED21FB60023F067 /* Project object */;
}
